// !$*UTF8*$!
{
	archiveVersion = 1;
	classes = {
	};
	objectVersion = 46;
	objects = {

/* Begin PBXBuildFile section */
		7603E13F1A9AE57200245DD2 /* main.m in Sources */ = {isa = PBXBuildFile; fileRef = 7603E13E1A9AE57200245DD2 /* main.m */; };
		7603E1421A9AE57200245DD2 /* AppDelegate.m in Sources */ = {isa = PBXBuildFile; fileRef = 7603E1411A9AE57200245DD2 /* AppDelegate.m */; };
		7603E14A1A9AE57200245DD2 /* Images.xcassets in Resources */ = {isa = PBXBuildFile; fileRef = 7603E1491A9AE57200245DD2 /* Images.xcassets */; };
		7603E14D1A9AE57200245DD2 /* LaunchScreen.xib in Resources */ = {isa = PBXBuildFile; fileRef = 7603E14B1A9AE57200245DD2 /* LaunchScreen.xib */; };
		7603E1591A9AE57200245DD2 /* TwitterTests.m in Sources */ = {isa = PBXBuildFile; fileRef = 7603E1581A9AE57200245DD2 /* TwitterTests.m */; };
		7603E1651A9AE5EC00245DD2 /* TwitterTimelineViewController.m in Sources */ = {isa = PBXBuildFile; fileRef = 7603E1631A9AE5EC00245DD2 /* TwitterTimelineViewController.m */; };
		7603E1661A9AE5EC00245DD2 /* TwitterTimelineViewController.xib in Resources */ = {isa = PBXBuildFile; fileRef = 7603E1641A9AE5EC00245DD2 /* TwitterTimelineViewController.xib */; };
		7603E16A1A9AE91800245DD2 /* LoginViewController.m in Sources */ = {isa = PBXBuildFile; fileRef = 7603E1681A9AE91800245DD2 /* LoginViewController.m */; };
		7603E16B1A9AE91800245DD2 /* LoginViewController.xib in Resources */ = {isa = PBXBuildFile; fileRef = 7603E1691A9AE91800245DD2 /* LoginViewController.xib */; };
		7603E16E1A9AE96300245DD2 /* TwitterClient.m in Sources */ = {isa = PBXBuildFile; fileRef = 7603E16D1A9AE96300245DD2 /* TwitterClient.m */; };
		7603E1721A9AF2BC00245DD2 /* Tweet.m in Sources */ = {isa = PBXBuildFile; fileRef = 7603E1711A9AF2BC00245DD2 /* Tweet.m */; };
		7603E1751A9AF2C500245DD2 /* User.m in Sources */ = {isa = PBXBuildFile; fileRef = 7603E1741A9AF2C500245DD2 /* User.m */; };
		7603E1791A9B13FD00245DD2 /* TweetCell.m in Sources */ = {isa = PBXBuildFile; fileRef = 7603E1771A9B13FD00245DD2 /* TweetCell.m */; };
		7603E17A1A9B13FD00245DD2 /* TweetCell.xib in Resources */ = {isa = PBXBuildFile; fileRef = 7603E1781A9B13FD00245DD2 /* TweetCell.xib */; };
		7603E17D1A9B183900245DD2 /* UIImageView+AFNetworkingFadingIn.m in Sources */ = {isa = PBXBuildFile; fileRef = 7603E17C1A9B183900245DD2 /* UIImageView+AFNetworkingFadingIn.m */; };
		7603E1811A9B1CC500245DD2 /* ComposeTweetViewController.m in Sources */ = {isa = PBXBuildFile; fileRef = 7603E17F1A9B1CC500245DD2 /* ComposeTweetViewController.m */; };
		7603E1821A9B1CC500245DD2 /* ComposeTweetViewController.xib in Resources */ = {isa = PBXBuildFile; fileRef = 7603E1801A9B1CC500245DD2 /* ComposeTweetViewController.xib */; };
		7603E1861A9B2C2F00245DD2 /* TweetViewController.m in Sources */ = {isa = PBXBuildFile; fileRef = 7603E1841A9B2C2F00245DD2 /* TweetViewController.m */; };
		7603E1871A9B2C2F00245DD2 /* TweetViewController.xib in Resources */ = {isa = PBXBuildFile; fileRef = 7603E1851A9B2C2F00245DD2 /* TweetViewController.xib */; };
		7603E18C1A9B2E1000245DD2 /* favorite_on.png in Resources */ = {isa = PBXBuildFile; fileRef = 7603E1881A9B2E1000245DD2 /* favorite_on.png */; };
		7603E18D1A9B2E1000245DD2 /* reply.png in Resources */ = {isa = PBXBuildFile; fileRef = 7603E1891A9B2E1000245DD2 /* reply.png */; };
		7603E18E1A9B2E1000245DD2 /* favorite.png in Resources */ = {isa = PBXBuildFile; fileRef = 7603E18A1A9B2E1000245DD2 /* favorite.png */; };
		7603E18F1A9B2E1000245DD2 /* retweet.png in Resources */ = {isa = PBXBuildFile; fileRef = 7603E18B1A9B2E1000245DD2 /* retweet.png */; };
		7603E1931A9B36B500245DD2 /* reply_hover.png in Resources */ = {isa = PBXBuildFile; fileRef = 7603E1901A9B36B500245DD2 /* reply_hover.png */; };
		7603E1941A9B36B500245DD2 /* retweet_on.png in Resources */ = {isa = PBXBuildFile; fileRef = 7603E1911A9B36B500245DD2 /* retweet_on.png */; };
		7603E1951A9B36B500245DD2 /* favorite_hover.png in Resources */ = {isa = PBXBuildFile; fileRef = 7603E1921A9B36B500245DD2 /* favorite_hover.png */; };
		7603E1971A9B371700245DD2 /* retweet_hover.png in Resources */ = {isa = PBXBuildFile; fileRef = 7603E1961A9B371700245DD2 /* retweet_hover.png */; };
		9270A6D68D06BD04296949B0 /* libPods.a in Frameworks */ = {isa = PBXBuildFile; fileRef = 3810FFAA274F05B7CDC13482 /* libPods.a */; };
/* End PBXBuildFile section */

/* Begin PBXContainerItemProxy section */
		7603E1531A9AE57200245DD2 /* PBXContainerItemProxy */ = {
			isa = PBXContainerItemProxy;
			containerPortal = 7603E1311A9AE57100245DD2 /* Project object */;
			proxyType = 1;
			remoteGlobalIDString = 7603E1381A9AE57100245DD2;
			remoteInfo = Twitter;
		};
/* End PBXContainerItemProxy section */

/* Begin PBXFileReference section */
		3810FFAA274F05B7CDC13482 /* libPods.a */ = {isa = PBXFileReference; explicitFileType = archive.ar; includeInIndex = 0; path = libPods.a; sourceTree = BUILT_PRODUCTS_DIR; };
		429D668D5EB3802DE42F0F47 /* Pods.release.xcconfig */ = {isa = PBXFileReference; includeInIndex = 1; lastKnownFileType = text.xcconfig; name = Pods.release.xcconfig; path = "Pods/Target Support Files/Pods/Pods.release.xcconfig"; sourceTree = "<group>"; };
		7603E1391A9AE57200245DD2 /* Twitter.app */ = {isa = PBXFileReference; explicitFileType = wrapper.application; includeInIndex = 0; path = Twitter.app; sourceTree = BUILT_PRODUCTS_DIR; };
		7603E13D1A9AE57200245DD2 /* Info.plist */ = {isa = PBXFileReference; lastKnownFileType = text.plist.xml; path = Info.plist; sourceTree = "<group>"; };
		7603E13E1A9AE57200245DD2 /* main.m */ = {isa = PBXFileReference; lastKnownFileType = sourcecode.c.objc; path = main.m; sourceTree = "<group>"; };
		7603E1401A9AE57200245DD2 /* AppDelegate.h */ = {isa = PBXFileReference; lastKnownFileType = sourcecode.c.h; path = AppDelegate.h; sourceTree = "<group>"; };
		7603E1411A9AE57200245DD2 /* AppDelegate.m */ = {isa = PBXFileReference; lastKnownFileType = sourcecode.c.objc; path = AppDelegate.m; sourceTree = "<group>"; };
		7603E1491A9AE57200245DD2 /* Images.xcassets */ = {isa = PBXFileReference; lastKnownFileType = folder.assetcatalog; path = Images.xcassets; sourceTree = "<group>"; };
		7603E14C1A9AE57200245DD2 /* Base */ = {isa = PBXFileReference; lastKnownFileType = file.xib; name = Base; path = Base.lproj/LaunchScreen.xib; sourceTree = "<group>"; };
		7603E1521A9AE57200245DD2 /* TwitterTests.xctest */ = {isa = PBXFileReference; explicitFileType = wrapper.cfbundle; includeInIndex = 0; path = TwitterTests.xctest; sourceTree = BUILT_PRODUCTS_DIR; };
		7603E1571A9AE57200245DD2 /* Info.plist */ = {isa = PBXFileReference; lastKnownFileType = text.plist.xml; path = Info.plist; sourceTree = "<group>"; };
		7603E1581A9AE57200245DD2 /* TwitterTests.m */ = {isa = PBXFileReference; lastKnownFileType = sourcecode.c.objc; path = TwitterTests.m; sourceTree = "<group>"; };
		7603E1621A9AE5EC00245DD2 /* TwitterTimelineViewController.h */ = {isa = PBXFileReference; fileEncoding = 4; lastKnownFileType = sourcecode.c.h; path = TwitterTimelineViewController.h; sourceTree = SOURCE_ROOT; };
		7603E1631A9AE5EC00245DD2 /* TwitterTimelineViewController.m */ = {isa = PBXFileReference; fileEncoding = 4; lastKnownFileType = sourcecode.c.objc; path = TwitterTimelineViewController.m; sourceTree = SOURCE_ROOT; };
		7603E1641A9AE5EC00245DD2 /* TwitterTimelineViewController.xib */ = {isa = PBXFileReference; fileEncoding = 4; lastKnownFileType = file.xib; path = TwitterTimelineViewController.xib; sourceTree = SOURCE_ROOT; };
		7603E1671A9AE91800245DD2 /* LoginViewController.h */ = {isa = PBXFileReference; fileEncoding = 4; lastKnownFileType = sourcecode.c.h; path = LoginViewController.h; sourceTree = "<group>"; };
		7603E1681A9AE91800245DD2 /* LoginViewController.m */ = {isa = PBXFileReference; fileEncoding = 4; lastKnownFileType = sourcecode.c.objc; path = LoginViewController.m; sourceTree = "<group>"; };
		7603E1691A9AE91800245DD2 /* LoginViewController.xib */ = {isa = PBXFileReference; fileEncoding = 4; lastKnownFileType = file.xib; path = LoginViewController.xib; sourceTree = "<group>"; };
		7603E16C1A9AE96300245DD2 /* TwitterClient.h */ = {isa = PBXFileReference; fileEncoding = 4; lastKnownFileType = sourcecode.c.h; path = TwitterClient.h; sourceTree = "<group>"; };
		7603E16D1A9AE96300245DD2 /* TwitterClient.m */ = {isa = PBXFileReference; fileEncoding = 4; lastKnownFileType = sourcecode.c.objc; path = TwitterClient.m; sourceTree = "<group>"; };
		7603E1701A9AF2BC00245DD2 /* Tweet.h */ = {isa = PBXFileReference; fileEncoding = 4; lastKnownFileType = sourcecode.c.h; path = Tweet.h; sourceTree = "<group>"; };
		7603E1711A9AF2BC00245DD2 /* Tweet.m */ = {isa = PBXFileReference; fileEncoding = 4; lastKnownFileType = sourcecode.c.objc; path = Tweet.m; sourceTree = "<group>"; };
		7603E1731A9AF2C500245DD2 /* User.h */ = {isa = PBXFileReference; fileEncoding = 4; lastKnownFileType = sourcecode.c.h; path = User.h; sourceTree = "<group>"; };
		7603E1741A9AF2C500245DD2 /* User.m */ = {isa = PBXFileReference; fileEncoding = 4; lastKnownFileType = sourcecode.c.objc; path = User.m; sourceTree = "<group>"; };
		7603E1761A9B13FD00245DD2 /* TweetCell.h */ = {isa = PBXFileReference; fileEncoding = 4; lastKnownFileType = sourcecode.c.h; path = TweetCell.h; sourceTree = "<group>"; };
		7603E1771A9B13FD00245DD2 /* TweetCell.m */ = {isa = PBXFileReference; fileEncoding = 4; lastKnownFileType = sourcecode.c.objc; path = TweetCell.m; sourceTree = "<group>"; };
		7603E1781A9B13FD00245DD2 /* TweetCell.xib */ = {isa = PBXFileReference; fileEncoding = 4; lastKnownFileType = file.xib; path = TweetCell.xib; sourceTree = "<group>"; };
		7603E17B1A9B183900245DD2 /* UIImageView+AFNetworkingFadingIn.h */ = {isa = PBXFileReference; fileEncoding = 4; lastKnownFileType = sourcecode.c.h; path = "UIImageView+AFNetworkingFadingIn.h"; sourceTree = "<group>"; };
		7603E17C1A9B183900245DD2 /* UIImageView+AFNetworkingFadingIn.m */ = {isa = PBXFileReference; fileEncoding = 4; lastKnownFileType = sourcecode.c.objc; path = "UIImageView+AFNetworkingFadingIn.m"; sourceTree = "<group>"; };
		7603E17E1A9B1CC500245DD2 /* ComposeTweetViewController.h */ = {isa = PBXFileReference; fileEncoding = 4; lastKnownFileType = sourcecode.c.h; path = ComposeTweetViewController.h; sourceTree = "<group>"; };
		7603E17F1A9B1CC500245DD2 /* ComposeTweetViewController.m */ = {isa = PBXFileReference; fileEncoding = 4; lastKnownFileType = sourcecode.c.objc; path = ComposeTweetViewController.m; sourceTree = "<group>"; };
		7603E1801A9B1CC500245DD2 /* ComposeTweetViewController.xib */ = {isa = PBXFileReference; fileEncoding = 4; lastKnownFileType = file.xib; path = ComposeTweetViewController.xib; sourceTree = "<group>"; };
		7603E1831A9B2C2F00245DD2 /* TweetViewController.h */ = {isa = PBXFileReference; fileEncoding = 4; lastKnownFileType = sourcecode.c.h; path = TweetViewController.h; sourceTree = "<group>"; };
		7603E1841A9B2C2F00245DD2 /* TweetViewController.m */ = {isa = PBXFileReference; fileEncoding = 4; lastKnownFileType = sourcecode.c.objc; path = TweetViewController.m; sourceTree = "<group>"; };
		7603E1851A9B2C2F00245DD2 /* TweetViewController.xib */ = {isa = PBXFileReference; fileEncoding = 4; lastKnownFileType = file.xib; path = TweetViewController.xib; sourceTree = "<group>"; };
		7603E1881A9B2E1000245DD2 /* favorite_on.png */ = {isa = PBXFileReference; lastKnownFileType = image.png; path = favorite_on.png; sourceTree = "<group>"; };
		7603E1891A9B2E1000245DD2 /* reply.png */ = {isa = PBXFileReference; lastKnownFileType = image.png; path = reply.png; sourceTree = "<group>"; };
		7603E18A1A9B2E1000245DD2 /* favorite.png */ = {isa = PBXFileReference; lastKnownFileType = image.png; path = favorite.png; sourceTree = "<group>"; };
		7603E18B1A9B2E1000245DD2 /* retweet.png */ = {isa = PBXFileReference; lastKnownFileType = image.png; path = retweet.png; sourceTree = "<group>"; };
		7603E1901A9B36B500245DD2 /* reply_hover.png */ = {isa = PBXFileReference; lastKnownFileType = image.png; path = reply_hover.png; sourceTree = "<group>"; };
		7603E1911A9B36B500245DD2 /* retweet_on.png */ = {isa = PBXFileReference; lastKnownFileType = image.png; path = retweet_on.png; sourceTree = "<group>"; };
		7603E1921A9B36B500245DD2 /* favorite_hover.png */ = {isa = PBXFileReference; lastKnownFileType = image.png; path = favorite_hover.png; sourceTree = "<group>"; };
		7603E1961A9B371700245DD2 /* retweet_hover.png */ = {isa = PBXFileReference; lastKnownFileType = image.png; path = retweet_hover.png; sourceTree = "<group>"; };
		A995F65BDB0085C0F6BF574E /* Pods.debug.xcconfig */ = {isa = PBXFileReference; includeInIndex = 1; lastKnownFileType = text.xcconfig; name = Pods.debug.xcconfig; path = "Pods/Target Support Files/Pods/Pods.debug.xcconfig"; sourceTree = "<group>"; };
/* End PBXFileReference section */

/* Begin PBXFrameworksBuildPhase section */
		7603E1361A9AE57100245DD2 /* Frameworks */ = {
			isa = PBXFrameworksBuildPhase;
			buildActionMask = 2147483647;
			files = (
				9270A6D68D06BD04296949B0 /* libPods.a in Frameworks */,
			);
			runOnlyForDeploymentPostprocessing = 0;
		};
		7603E14F1A9AE57200245DD2 /* Frameworks */ = {
			isa = PBXFrameworksBuildPhase;
			buildActionMask = 2147483647;
			files = (
			);
			runOnlyForDeploymentPostprocessing = 0;
		};
/* End PBXFrameworksBuildPhase section */

/* Begin PBXGroup section */
		29DB556EF81C0FF0895E50EE /* Pods */ = {
			isa = PBXGroup;
			children = (
				A995F65BDB0085C0F6BF574E /* Pods.debug.xcconfig */,
				429D668D5EB3802DE42F0F47 /* Pods.release.xcconfig */,
			);
			name = Pods;
			sourceTree = "<group>";
		};
		6925160A33FDA464FF4C2254 /* Frameworks */ = {
			isa = PBXGroup;
			children = (
				3810FFAA274F05B7CDC13482 /* libPods.a */,
			);
			name = Frameworks;
			sourceTree = "<group>";
		};
		7603E1301A9AE57100245DD2 = {
			isa = PBXGroup;
			children = (
				7603E13B1A9AE57200245DD2 /* Twitter */,
				7603E1551A9AE57200245DD2 /* TwitterTests */,
				7603E13A1A9AE57200245DD2 /* Products */,
				29DB556EF81C0FF0895E50EE /* Pods */,
				6925160A33FDA464FF4C2254 /* Frameworks */,
			);
			sourceTree = "<group>";
		};
		7603E13A1A9AE57200245DD2 /* Products */ = {
			isa = PBXGroup;
			children = (
				7603E1391A9AE57200245DD2 /* Twitter.app */,
				7603E1521A9AE57200245DD2 /* TwitterTests.xctest */,
			);
			name = Products;
			sourceTree = "<group>";
		};
		7603E13B1A9AE57200245DD2 /* Twitter */ = {
			isa = PBXGroup;
			children = (
				7603E16F1A9AF2AB00245DD2 /* Models */,
				7603E1401A9AE57200245DD2 /* AppDelegate.h */,
				7603E1411A9AE57200245DD2 /* AppDelegate.m */,
				7603E16C1A9AE96300245DD2 /* TwitterClient.h */,
				7603E16D1A9AE96300245DD2 /* TwitterClient.m */,
				7603E1671A9AE91800245DD2 /* LoginViewController.h */,
				7603E1681A9AE91800245DD2 /* LoginViewController.m */,
				7603E1691A9AE91800245DD2 /* LoginViewController.xib */,
				7603E1621A9AE5EC00245DD2 /* TwitterTimelineViewController.h */,
				7603E1631A9AE5EC00245DD2 /* TwitterTimelineViewController.m */,
				7603E1641A9AE5EC00245DD2 /* TwitterTimelineViewController.xib */,
				7603E1761A9B13FD00245DD2 /* TweetCell.h */,
				7603E1771A9B13FD00245DD2 /* TweetCell.m */,
				7603E1781A9B13FD00245DD2 /* TweetCell.xib */,
				7603E1831A9B2C2F00245DD2 /* TweetViewController.h */,
				7603E1841A9B2C2F00245DD2 /* TweetViewController.m */,
				7603E1851A9B2C2F00245DD2 /* TweetViewController.xib */,
				7603E17E1A9B1CC500245DD2 /* ComposeTweetViewController.h */,
				7603E17F1A9B1CC500245DD2 /* ComposeTweetViewController.m */,
				7603E1801A9B1CC500245DD2 /* ComposeTweetViewController.xib */,
				7603E17B1A9B183900245DD2 /* UIImageView+AFNetworkingFadingIn.h */,
				7603E17C1A9B183900245DD2 /* UIImageView+AFNetworkingFadingIn.m */,
				7603E14B1A9AE57200245DD2 /* LaunchScreen.xib */,
				7603E1491A9AE57200245DD2 /* Images.xcassets */,
				7603E13C1A9AE57200245DD2 /* Supporting Files */,
			);
			path = Twitter;
			sourceTree = "<group>";
		};
		7603E13C1A9AE57200245DD2 /* Supporting Files */ = {
			isa = PBXGroup;
			children = (
				7603E1961A9B371700245DD2 /* retweet_hover.png */,
				7603E1901A9B36B500245DD2 /* reply_hover.png */,
				7603E1911A9B36B500245DD2 /* retweet_on.png */,
				7603E1921A9B36B500245DD2 /* favorite_hover.png */,
				7603E1881A9B2E1000245DD2 /* favorite_on.png */,
				7603E1891A9B2E1000245DD2 /* reply.png */,
				7603E18A1A9B2E1000245DD2 /* favorite.png */,
				7603E18B1A9B2E1000245DD2 /* retweet.png */,
				7603E13D1A9AE57200245DD2 /* Info.plist */,
				7603E13E1A9AE57200245DD2 /* main.m */,
			);
			name = "Supporting Files";
			sourceTree = "<group>";
		};
		7603E1551A9AE57200245DD2 /* TwitterTests */ = {
			isa = PBXGroup;
			children = (
				7603E1581A9AE57200245DD2 /* TwitterTests.m */,
				7603E1561A9AE57200245DD2 /* Supporting Files */,
			);
			path = TwitterTests;
			sourceTree = "<group>";
		};
		7603E1561A9AE57200245DD2 /* Supporting Files */ = {
			isa = PBXGroup;
			children = (
				7603E1571A9AE57200245DD2 /* Info.plist */,
			);
			name = "Supporting Files";
			sourceTree = "<group>";
		};
		7603E16F1A9AF2AB00245DD2 /* Models */ = {
			isa = PBXGroup;
			children = (
				7603E1701A9AF2BC00245DD2 /* Tweet.h */,
				7603E1711A9AF2BC00245DD2 /* Tweet.m */,
				7603E1731A9AF2C500245DD2 /* User.h */,
				7603E1741A9AF2C500245DD2 /* User.m */,
			);
			name = Models;
			sourceTree = "<group>";
		};
/* End PBXGroup section */

/* Begin PBXNativeTarget section */
		7603E1381A9AE57100245DD2 /* Twitter */ = {
			isa = PBXNativeTarget;
			buildConfigurationList = 7603E15C1A9AE57200245DD2 /* Build configuration list for PBXNativeTarget "Twitter" */;
			buildPhases = (
				0E6F5A7184ABCED1BFCD7208 /* Check Pods Manifest.lock */,
				7603E1351A9AE57100245DD2 /* Sources */,
				7603E1361A9AE57100245DD2 /* Frameworks */,
				7603E1371A9AE57100245DD2 /* Resources */,
				CE250D41D266318E5B9FEA7A /* Copy Pods Resources */,
			);
			buildRules = (
			);
			dependencies = (
			);
			name = Twitter;
			productName = Twitter;
			productReference = 7603E1391A9AE57200245DD2 /* Twitter.app */;
			productType = "com.apple.product-type.application";
		};
		7603E1511A9AE57200245DD2 /* TwitterTests */ = {
			isa = PBXNativeTarget;
			buildConfigurationList = 7603E15F1A9AE57200245DD2 /* Build configuration list for PBXNativeTarget "TwitterTests" */;
			buildPhases = (
				7603E14E1A9AE57200245DD2 /* Sources */,
				7603E14F1A9AE57200245DD2 /* Frameworks */,
				7603E1501A9AE57200245DD2 /* Resources */,
			);
			buildRules = (
			);
			dependencies = (
				7603E1541A9AE57200245DD2 /* PBXTargetDependency */,
			);
			name = TwitterTests;
			productName = TwitterTests;
			productReference = 7603E1521A9AE57200245DD2 /* TwitterTests.xctest */;
			productType = "com.apple.product-type.bundle.unit-test";
		};
/* End PBXNativeTarget section */

/* Begin PBXProject section */
		7603E1311A9AE57100245DD2 /* Project object */ = {
			isa = PBXProject;
			attributes = {
				LastUpgradeCheck = 0610;
				ORGANIZATIONNAME = test;
				TargetAttributes = {
					7603E1381A9AE57100245DD2 = {
						CreatedOnToolsVersion = 6.1.1;
					};
					7603E1511A9AE57200245DD2 = {
						CreatedOnToolsVersion = 6.1.1;
						TestTargetID = 7603E1381A9AE57100245DD2;
					};
				};
			};
			buildConfigurationList = 7603E1341A9AE57100245DD2 /* Build configuration list for PBXProject "Twitter" */;
			compatibilityVersion = "Xcode 3.2";
			developmentRegion = English;
			hasScannedForEncodings = 0;
			knownRegions = (
				en,
				Base,
			);
			mainGroup = 7603E1301A9AE57100245DD2;
			productRefGroup = 7603E13A1A9AE57200245DD2 /* Products */;
			projectDirPath = "";
			projectRoot = "";
			targets = (
				7603E1381A9AE57100245DD2 /* Twitter */,
				7603E1511A9AE57200245DD2 /* TwitterTests */,
			);
		};
/* End PBXProject section */

/* Begin PBXResourcesBuildPhase section */
		7603E1371A9AE57100245DD2 /* Resources */ = {
			isa = PBXResourcesBuildPhase;
			buildActionMask = 2147483647;
			files = (
				7603E16B1A9AE91800245DD2 /* LoginViewController.xib in Resources */,
				7603E18E1A9B2E1000245DD2 /* favorite.png in Resources */,
				7603E1941A9B36B500245DD2 /* retweet_on.png in Resources */,
				7603E18D1A9B2E1000245DD2 /* reply.png in Resources */,
				7603E1871A9B2C2F00245DD2 /* TweetViewController.xib in Resources */,
				7603E17A1A9B13FD00245DD2 /* TweetCell.xib in Resources */,
				7603E14D1A9AE57200245DD2 /* LaunchScreen.xib in Resources */,
				7603E1821A9B1CC500245DD2 /* ComposeTweetViewController.xib in Resources */,
				7603E18F1A9B2E1000245DD2 /* retweet.png in Resources */,
				7603E1661A9AE5EC00245DD2 /* TwitterTimelineViewController.xib in Resources */,
				7603E1931A9B36B500245DD2 /* reply_hover.png in Resources */,
				7603E18C1A9B2E1000245DD2 /* favorite_on.png in Resources */,
				7603E1951A9B36B500245DD2 /* favorite_hover.png in Resources */,
				7603E1971A9B371700245DD2 /* retweet_hover.png in Resources */,
				7603E14A1A9AE57200245DD2 /* Images.xcassets in Resources */,
			);
			runOnlyForDeploymentPostprocessing = 0;
		};
		7603E1501A9AE57200245DD2 /* Resources */ = {
			isa = PBXResourcesBuildPhase;
			buildActionMask = 2147483647;
			files = (
			);
			runOnlyForDeploymentPostprocessing = 0;
		};
/* End PBXResourcesBuildPhase section */

/* Begin PBXShellScriptBuildPhase section */
		0E6F5A7184ABCED1BFCD7208 /* Check Pods Manifest.lock */ = {
			isa = PBXShellScriptBuildPhase;
			buildActionMask = 2147483647;
			files = (
			);
			inputPaths = (
			);
			name = "Check Pods Manifest.lock";
			outputPaths = (
			);
			runOnlyForDeploymentPostprocessing = 0;
			shellPath = /bin/sh;
			shellScript = "diff \"${PODS_ROOT}/../Podfile.lock\" \"${PODS_ROOT}/Manifest.lock\" > /dev/null\nif [[ $? != 0 ]] ; then\n    cat << EOM\nerror: The sandbox is not in sync with the Podfile.lock. Run 'pod install' or update your CocoaPods installation.\nEOM\n    exit 1\nfi\n";
			showEnvVarsInLog = 0;
		};
		CE250D41D266318E5B9FEA7A /* Copy Pods Resources */ = {
			isa = PBXShellScriptBuildPhase;
			buildActionMask = 2147483647;
			files = (
			);
			inputPaths = (
			);
			name = "Copy Pods Resources";
			outputPaths = (
			);
			runOnlyForDeploymentPostprocessing = 0;
			shellPath = /bin/sh;
			shellScript = "\"${SRCROOT}/Pods/Target Support Files/Pods/Pods-resources.sh\"\n";
			showEnvVarsInLog = 0;
		};
/* End PBXShellScriptBuildPhase section */

/* Begin PBXSourcesBuildPhase section */
		7603E1351A9AE57100245DD2 /* Sources */ = {
			isa = PBXSourcesBuildPhase;
			buildActionMask = 2147483647;
			files = (
				7603E16A1A9AE91800245DD2 /* LoginViewController.m in Sources */,
				7603E1751A9AF2C500245DD2 /* User.m in Sources */,
				7603E17D1A9B183900245DD2 /* UIImageView+AFNetworkingFadingIn.m in Sources */,
				7603E1811A9B1CC500245DD2 /* ComposeTweetViewController.m in Sources */,
				7603E1651A9AE5EC00245DD2 /* TwitterTimelineViewController.m in Sources */,
				7603E1861A9B2C2F00245DD2 /* TweetViewController.m in Sources */,
				7603E16E1A9AE96300245DD2 /* TwitterClient.m in Sources */,
				7603E1721A9AF2BC00245DD2 /* Tweet.m in Sources */,
				7603E1421A9AE57200245DD2 /* AppDelegate.m in Sources */,
				7603E13F1A9AE57200245DD2 /* main.m in Sources */,
				7603E1791A9B13FD00245DD2 /* TweetCell.m in Sources */,
			);
			runOnlyForDeploymentPostprocessing = 0;
		};
		7603E14E1A9AE57200245DD2 /* Sources */ = {
			isa = PBXSourcesBuildPhase;
			buildActionMask = 2147483647;
			files = (
				7603E1591A9AE57200245DD2 /* TwitterTests.m in Sources */,
			);
			runOnlyForDeploymentPostprocessing = 0;
		};
/* End PBXSourcesBuildPhase section */

/* Begin PBXTargetDependency section */
		7603E1541A9AE57200245DD2 /* PBXTargetDependency */ = {
			isa = PBXTargetDependency;
			target = 7603E1381A9AE57100245DD2 /* Twitter */;
			targetProxy = 7603E1531A9AE57200245DD2 /* PBXContainerItemProxy */;
		};
/* End PBXTargetDependency section */

/* Begin PBXVariantGroup section */
		7603E14B1A9AE57200245DD2 /* LaunchScreen.xib */ = {
			isa = PBXVariantGroup;
			children = (
				7603E14C1A9AE57200245DD2 /* Base */,
			);
			name = LaunchScreen.xib;
			sourceTree = "<group>";
		};
/* End PBXVariantGroup section */

/* Begin XCBuildConfiguration section */
		7603E15A1A9AE57200245DD2 /* Debug */ = {
			isa = XCBuildConfiguration;
			buildSettings = {
				ALWAYS_SEARCH_USER_PATHS = NO;
				CLANG_CXX_LANGUAGE_STANDARD = "gnu++0x";
				CLANG_CXX_LIBRARY = "libc++";
				CLANG_ENABLE_MODULES = YES;
				CLANG_ENABLE_OBJC_ARC = YES;
				CLANG_WARN_BOOL_CONVERSION = YES;
				CLANG_WARN_CONSTANT_CONVERSION = YES;
				CLANG_WARN_DIRECT_OBJC_ISA_USAGE = YES_ERROR;
				CLANG_WARN_EMPTY_BODY = YES;
				CLANG_WARN_ENUM_CONVERSION = YES;
				CLANG_WARN_INT_CONVERSION = YES;
				CLANG_WARN_OBJC_ROOT_CLASS = YES_ERROR;
				CLANG_WARN_UNREACHABLE_CODE = YES;
				CLANG_WARN__DUPLICATE_METHOD_MATCH = YES;
				"CODE_SIGN_IDENTITY[sdk=iphoneos*]" = "iPhone Developer";
				COPY_PHASE_STRIP = NO;
				ENABLE_STRICT_OBJC_MSGSEND = YES;
				GCC_C_LANGUAGE_STANDARD = gnu99;
				GCC_DYNAMIC_NO_PIC = NO;
				GCC_OPTIMIZATION_LEVEL = 0;
				GCC_PREPROCESSOR_DEFINITIONS = (
					"DEBUG=1",
					"$(inherited)",
				);
				GCC_SYMBOLS_PRIVATE_EXTERN = NO;
				GCC_WARN_64_TO_32_BIT_CONVERSION = YES;
				GCC_WARN_ABOUT_RETURN_TYPE = YES_ERROR;
				GCC_WARN_UNDECLARED_SELECTOR = YES;
				GCC_WARN_UNINITIALIZED_AUTOS = YES_AGGRESSIVE;
				GCC_WARN_UNUSED_FUNCTION = YES;
				GCC_WARN_UNUSED_VARIABLE = YES;
				IPHONEOS_DEPLOYMENT_TARGET = 8.1;
				MTL_ENABLE_DEBUG_INFO = YES;
				ONLY_ACTIVE_ARCH = YES;
				SDKROOT = iphoneos;
			};
			name = Debug;
		};
		7603E15B1A9AE57200245DD2 /* Release */ = {
			isa = XCBuildConfiguration;
			buildSettings = {
				ALWAYS_SEARCH_USER_PATHS = NO;
				CLANG_CXX_LANGUAGE_STANDARD = "gnu++0x";
				CLANG_CXX_LIBRARY = "libc++";
				CLANG_ENABLE_MODULES = YES;
				CLANG_ENABLE_OBJC_ARC = YES;
				CLANG_WARN_BOOL_CONVERSION = YES;
				CLANG_WARN_CONSTANT_CONVERSION = YES;
				CLANG_WARN_DIRECT_OBJC_ISA_USAGE = YES_ERROR;
				CLANG_WARN_EMPTY_BODY = YES;
				CLANG_WARN_ENUM_CONVERSION = YES;
				CLANG_WARN_INT_CONVERSION = YES;
				CLANG_WARN_OBJC_ROOT_CLASS = YES_ERROR;
				CLANG_WARN_UNREACHABLE_CODE = YES;
				CLANG_WARN__DUPLICATE_METHOD_MATCH = YES;
				"CODE_SIGN_IDENTITY[sdk=iphoneos*]" = "iPhone Developer";
				COPY_PHASE_STRIP = YES;
				ENABLE_NS_ASSERTIONS = NO;
				ENABLE_STRICT_OBJC_MSGSEND = YES;
				GCC_C_LANGUAGE_STANDARD = gnu99;
				GCC_WARN_64_TO_32_BIT_CONVERSION = YES;
				GCC_WARN_ABOUT_RETURN_TYPE = YES_ERROR;
				GCC_WARN_UNDECLARED_SELECTOR = YES;
				GCC_WARN_UNINITIALIZED_AUTOS = YES_AGGRESSIVE;
				GCC_WARN_UNUSED_FUNCTION = YES;
				GCC_WARN_UNUSED_VARIABLE = YES;
				IPHONEOS_DEPLOYMENT_TARGET = 8.1;
				MTL_ENABLE_DEBUG_INFO = NO;
				SDKROOT = iphoneos;
				VALIDATE_PRODUCT = YES;
			};
			name = Release;
		};
		7603E15D1A9AE57200245DD2 /* Debug */ = {
			isa = XCBuildConfiguration;
			baseConfigurationReference = A995F65BDB0085C0F6BF574E /* Pods.debug.xcconfig */;
			buildSettings = {
				ASSETCATALOG_COMPILER_APPICON_NAME = AppIcon;
				INFOPLIST_FILE = Twitter/Info.plist;
				LD_RUNPATH_SEARCH_PATHS = "$(inherited) @executable_path/Frameworks";
				PRODUCT_NAME = "$(TARGET_NAME)";
			};
			name = Debug;
		};
		7603E15E1A9AE57200245DD2 /* Release */ = {
			isa = XCBuildConfiguration;
			baseConfigurationReference = 429D668D5EB3802DE42F0F47 /* Pods.release.xcconfig */;
			buildSettings = {
				ASSETCATALOG_COMPILER_APPICON_NAME = AppIcon;
				INFOPLIST_FILE = Twitter/Info.plist;
				LD_RUNPATH_SEARCH_PATHS = "$(inherited) @executable_path/Frameworks";
				PRODUCT_NAME = "$(TARGET_NAME)";
			};
			name = Release;
		};
		7603E1601A9AE57200245DD2 /* Debug */ = {
			isa = XCBuildConfiguration;
			buildSettings = {
				BUNDLE_LOADER = "$(TEST_HOST)";
				FRAMEWORK_SEARCH_PATHS = (
					"$(SDKROOT)/Developer/Library/Frameworks",
					"$(inherited)",
				);
				GCC_PREPROCESSOR_DEFINITIONS = (
					"DEBUG=1",
					"$(inherited)",
				);
				INFOPLIST_FILE = TwitterTests/Info.plist;
				LD_RUNPATH_SEARCH_PATHS = "$(inherited) @executable_path/Frameworks @loader_path/Frameworks";
				PRODUCT_NAME = "$(TARGET_NAME)";
				TEST_HOST = "$(BUILT_PRODUCTS_DIR)/Twitter.app/Twitter";
			};
			name = Debug;
		};
		7603E1611A9AE57200245DD2 /* Release */ = {
			isa = XCBuildConfiguration;
			buildSettings = {
				BUNDLE_LOADER = "$(TEST_HOST)";
				FRAMEWORK_SEARCH_PATHS = (
					"$(SDKROOT)/Developer/Library/Frameworks",
					"$(inherited)",
				);
				INFOPLIST_FILE = TwitterTests/Info.plist;
				LD_RUNPATH_SEARCH_PATHS = "$(inherited) @executable_path/Frameworks @loader_path/Frameworks";
				PRODUCT_NAME = "$(TARGET_NAME)";
				TEST_HOST = "$(BUILT_PRODUCTS_DIR)/Twitter.app/Twitter";
			};
			name = Release;
		};
/* End XCBuildConfiguration section */

/* Begin XCConfigurationList section */
		7603E1341A9AE57100245DD2 /* Build configuration list for PBXProject "Twitter" */ = {
			isa = XCConfigurationList;
			buildConfigurations = (
				7603E15A1A9AE57200245DD2 /* Debug */,
				7603E15B1A9AE57200245DD2 /* Release */,
			);
			defaultConfigurationIsVisible = 0;
			defaultConfigurationName = Release;
		};
		7603E15C1A9AE57200245DD2 /* Build configuration list for PBXNativeTarget "Twitter" */ = {
			isa = XCConfigurationList;
			buildConfigurations = (
				7603E15D1A9AE57200245DD2 /* Debug */,
				7603E15E1A9AE57200245DD2 /* Release */,
			);
			defaultConfigurationIsVisible = 0;
			defaultConfigurationName = Release;
		};
		7603E15F1A9AE57200245DD2 /* Build configuration list for PBXNativeTarget "TwitterTests" */ = {
			isa = XCConfigurationList;
			buildConfigurations = (
				7603E1601A9AE57200245DD2 /* Debug */,
				7603E1611A9AE57200245DD2 /* Release */,
			);
			defaultConfigurationIsVisible = 0;
			defaultConfigurationName = Release;
		};
/* End XCConfigurationList section */
	};
	rootObject = 7603E1311A9AE57100245DD2 /* Project object */;
}
